
Microsoft Visual Studio Solution File, Format Version 12.00
# Visual Studio Version 17
VisualStudioVersion = 17.12.35707.178
MinimumVisualStudioVersion = 10.0.40219.1
Project("{FAE04EC0-301F-11D3-BF4B-00C04F79EFBC}") = "UKW_sklep.czw", "UKW_sklep.czw.csproj", "{0FFC245B-EB6C-4CEC-A165-F56854F2C355}"
EndProject
Global
	GlobalSection(SolutionConfigurationPlatforms) = preSolution
		Debug|Any CPU = Debug|Any CPU
		Release|Any CPU = Release|Any CPU
	EndGlobalSection
	GlobalSection(ProjectConfigurationPlatforms) = postSolution
		{0FFC245B-EB6C-4CEC-A165-F56854F2C355}.Debug|Any CPU.ActiveCfg = Debug|Any CPU
		{0FFC245B-EB6C-4CEC-A165-F56854F2C355}.Debug|Any CPU.Build.0 = Debug|Any CPU
		{0FFC245B-EB6C-4CEC-A165-F56854F2C355}.Release|Any CPU.ActiveCfg = Release|Any CPU
		{0FFC245B-EB6C-4CEC-A165-F56854F2C355}.Release|Any CPU.Build.0 = Release|Any CPU
	EndGlobalSection
	GlobalSection(SolutionProperties) = preSolution
		HideSolutionNode = FALSE
	EndGlobalSection
EndGlobal
